
Microsoft Visual Studio Solution File, Format Version 12.00
# Visual Studio Version 16
VisualStudioVersion = 16.0.32802.440
MinimumVisualStudioVersion = 10.0.40219.1
Project("{FAE04EC0-301F-11D3-BF4B-00C04F79EFBC}") = "Doc_Patient_Project", "Doc_Patient_Project\Doc_Patient_Project.csproj", "{FD2BEB61-A0B7-414E-9EB3-57C45B7B3D43}"
EndProject
Global
	GlobalSection(SolutionConfigurationPlatforms) = preSolution
		Debug|Any CPU = Debug|Any CPU
		Release|Any CPU = Release|Any CPU
	EndGlobalSection
	GlobalSection(ProjectConfigurationPlatforms) = postSolution
		{FD2BEB61-A0B7-414E-9EB3-57C45B7B3D43}.Debug|Any CPU.ActiveCfg = Debug|Any CPU
		{FD2BEB61-A0B7-414E-9EB3-57C45B7B3D43}.Debug|Any CPU.Build.0 = Debug|Any CPU
		{FD2BEB61-A0B7-414E-9EB3-57C45B7B3D43}.Release|Any CPU.ActiveCfg = Release|Any CPU
		{FD2BEB61-A0B7-414E-9EB3-57C45B7B3D43}.Release|Any CPU.Build.0 = Release|Any CPU
	EndGlobalSection
	GlobalSection(SolutionProperties) = preSolution
		HideSolutionNode = FALSE
	EndGlobalSection
	GlobalSection(ExtensibilityGlobals) = postSolution
		SolutionGuid = {0879FC22-11BF-4E7A-A9A2-62B78F3360A3}
	EndGlobalSection
EndGlobal
