
Microsoft Visual Studio Solution File, Format Version 12.00
# Visual Studio Version 16
VisualStudioVersion = 16.0.32802.440
MinimumVisualStudioVersion = 10.0.40219.1
Project("{FAE04EC0-301F-11D3-BF4B-00C04F79EFBC}") = "Hospital_Project", "Hospital_Project\Hospital_Project.csproj", "{6341EBF2-249B-48E1-A03D-82B8EC0CA67C}"
EndProject
Global
	GlobalSection(SolutionConfigurationPlatforms) = preSolution
		Debug|Any CPU = Debug|Any CPU
		Release|Any CPU = Release|Any CPU
	EndGlobalSection
	GlobalSection(ProjectConfigurationPlatforms) = postSolution
		{6341EBF2-249B-48E1-A03D-82B8EC0CA67C}.Debug|Any CPU.ActiveCfg = Debug|Any CPU
		{6341EBF2-249B-48E1-A03D-82B8EC0CA67C}.Debug|Any CPU.Build.0 = Debug|Any CPU
		{6341EBF2-249B-48E1-A03D-82B8EC0CA67C}.Release|Any CPU.ActiveCfg = Release|Any CPU
		{6341EBF2-249B-48E1-A03D-82B8EC0CA67C}.Release|Any CPU.Build.0 = Release|Any CPU
	EndGlobalSection
	GlobalSection(SolutionProperties) = preSolution
		HideSolutionNode = FALSE
	EndGlobalSection
	GlobalSection(ExtensibilityGlobals) = postSolution
		SolutionGuid = {3483924A-F0C9-4E97-8B28-A44FC8972882}
	EndGlobalSection
EndGlobal
